// !$*UTF8*$!
{
	archiveVersion = 1;
	classes = {
	};
	objectVersion = 56;
	objects = {

/* Begin PBXBuildFile section */
		9BB145A42983EC2900B0E3AA /* to_do_listApp.swift in Sources */ = {isa = PBXBuildFile; fileRef = 9BB145A32983EC2900B0E3AA /* to_do_listApp.swift */; };
		9BB145A62983EC2900B0E3AA /* ContentView.swift in Sources */ = {isa = PBXBuildFile; fileRef = 9BB145A52983EC2900B0E3AA /* ContentView.swift */; };
		9BB145A82983EC2D00B0E3AA /* Assets.xcassets in Resources */ = {isa = PBXBuildFile; fileRef = 9BB145A72983EC2D00B0E3AA /* Assets.xcassets */; };
		9BB145AC2983EC2D00B0E3AA /* Preview Assets.xcassets in Resources */ = {isa = PBXBuildFile; fileRef = 9BB145AB2983EC2D00B0E3AA /* Preview Assets.xcassets */; };
		9BB145B62983EC2D00B0E3AA /* to_do_listTests.swift in Sources */ = {isa = PBXBuildFile; fileRef = 9BB145B52983EC2D00B0E3AA /* to_do_listTests.swift */; };
		9BB145C02983EC2D00B0E3AA /* to_do_listUITests.swift in Sources */ = {isa = PBXBuildFile; fileRef = 9BB145BF2983EC2D00B0E3AA /* to_do_listUITests.swift */; };
		9BB145C22983EC2D00B0E3AA /* to_do_listUITestsLaunchTests.swift in Sources */ = {isa = PBXBuildFile; fileRef = 9BB145C12983EC2D00B0E3AA /* to_do_listUITestsLaunchTests.swift */; };
/* End PBXBuildFile section */

/* Begin PBXContainerItemProxy section */
		9BB145B22983EC2D00B0E3AA /* PBXContainerItemProxy */ = {
			isa = PBXContainerItemProxy;
			containerPortal = 9BB145982983EC2900B0E3AA /* Project object */;
			proxyType = 1;
			remoteGlobalIDString = 9BB1459F2983EC2900B0E3AA;
			remoteInfo = "to-do-list";
		};
		9BB145BC2983EC2D00B0E3AA /* PBXContainerItemProxy */ = {
			isa = PBXContainerItemProxy;
			containerPortal = 9BB145982983EC2900B0E3AA /* Project object */;
			proxyType = 1;
			remoteGlobalIDString = 9BB1459F2983EC2900B0E3AA;
			remoteInfo = "to-do-list";
		};
/* End PBXContainerItemProxy section */

/* Begin PBXFileReference section */
		9BB145A02983EC2900B0E3AA /* to-do-list.app */ = {isa = PBXFileReference; explicitFileType = wrapper.application; includeInIndex = 0; path = "to-do-list.app"; sourceTree = BUILT_PRODUCTS_DIR; };
		9BB145A32983EC2900B0E3AA /* to_do_listApp.swift */ = {isa = PBXFileReference; lastKnownFileType = sourcecode.swift; path = to_do_listApp.swift; sourceTree = "<group>"; };
		9BB145A52983EC2900B0E3AA /* ContentView.swift */ = {isa = PBXFileReference; lastKnownFileType = sourcecode.swift; path = ContentView.swift; sourceTree = "<group>"; };
		9BB145A72983EC2D00B0E3AA /* Assets.xcassets */ = {isa = PBXFileReference; lastKnownFileType = folder.assetcatalog; path = Assets.xcassets; sourceTree = "<group>"; };
		9BB145A92983EC2D00B0E3AA /* to_do_list.entitlements */ = {isa = PBXFileReference; lastKnownFileType = text.plist.entitlements; path = to_do_list.entitlements; sourceTree = "<group>"; };
		9BB145AB2983EC2D00B0E3AA /* Preview Assets.xcassets */ = {isa = PBXFileReference; lastKnownFileType = folder.assetcatalog; path = "Preview Assets.xcassets"; sourceTree = "<group>"; };
		9BB145B12983EC2D00B0E3AA /* to-do-listTests.xctest */ = {isa = PBXFileReference; explicitFileType = wrapper.cfbundle; includeInIndex = 0; path = "to-do-listTests.xctest"; sourceTree = BUILT_PRODUCTS_DIR; };
		9BB145B52983EC2D00B0E3AA /* to_do_listTests.swift */ = {isa = PBXFileReference; lastKnownFileType = sourcecode.swift; path = to_do_listTests.swift; sourceTree = "<group>"; };
		9BB145BB2983EC2D00B0E3AA /* to-do-listUITests.xctest */ = {isa = PBXFileReference; explicitFileType = wrapper.cfbundle; includeInIndex = 0; path = "to-do-listUITests.xctest"; sourceTree = BUILT_PRODUCTS_DIR; };
		9BB145BF2983EC2D00B0E3AA /* to_do_listUITests.swift */ = {isa = PBXFileReference; lastKnownFileType = sourcecode.swift; path = to_do_listUITests.swift; sourceTree = "<group>"; };
		9BB145C12983EC2D00B0E3AA /* to_do_listUITestsLaunchTests.swift */ = {isa = PBXFileReference; lastKnownFileType = sourcecode.swift; path = to_do_listUITestsLaunchTests.swift; sourceTree = "<group>"; };
/* End PBXFileReference section */

/* Begin PBXFrameworksBuildPhase section */
		9BB1459D2983EC2900B0E3AA /* Frameworks */ = {
			isa = PBXFrameworksBuildPhase;
			buildActionMask = 2147483647;
			files = (
			);
			runOnlyForDeploymentPostprocessing = 0;
		};
		9BB145AE2983EC2D00B0E3AA /* Frameworks */ = {
			isa = PBXFrameworksBuildPhase;
			buildActionMask = 2147483647;
			files = (
			);
			runOnlyForDeploymentPostprocessing = 0;
		};
		9BB145B82983EC2D00B0E3AA /* Frameworks */ = {
			isa = PBXFrameworksBuildPhase;
			buildActionMask = 2147483647;
			files = (
			);
			runOnlyForDeploymentPostprocessing = 0;
		};
/* End PBXFrameworksBuildPhase section */

/* Begin PBXGroup section */
		9BB145972983EC2900B0E3AA = {
			isa = PBXGroup;
			children = (
				9BB145A22983EC2900B0E3AA /* to-do-list */,
				9BB145B42983EC2D00B0E3AA /* to-do-listTests */,
				9BB145BE2983EC2D00B0E3AA /* to-do-listUITests */,
				9BB145A12983EC2900B0E3AA /* Products */,
			);
			sourceTree = "<group>";
		};
		9BB145A12983EC2900B0E3AA /* Products */ = {
			isa = PBXGroup;
			children = (
				9BB145A02983EC2900B0E3AA /* to-do-list.app */,
				9BB145B12983EC2D00B0E3AA /* to-do-listTests.xctest */,
				9BB145BB2983EC2D00B0E3AA /* to-do-listUITests.xctest */,
			);
			name = Products;
			sourceTree = "<group>";
		};
		9BB145A22983EC2900B0E3AA /* to-do-list */ = {
			isa = PBXGroup;
			children = (
				9BB145A32983EC2900B0E3AA /* to_do_listApp.swift */,
				9BB145A52983EC2900B0E3AA /* ContentView.swift */,
				9BB145A72983EC2D00B0E3AA /* Assets.xcassets */,
				9BB145A92983EC2D00B0E3AA /* to_do_list.entitlements */,
				9BB145AA2983EC2D00B0E3AA /* Preview Content */,
			);
			path = "to-do-list";
			sourceTree = "<group>";
		};
		9BB145AA2983EC2D00B0E3AA /* Preview Content */ = {
			isa = PBXGroup;
			children = (
				9BB145AB2983EC2D00B0E3AA /* Preview Assets.xcassets */,
			);
			path = "Preview Content";
			sourceTree = "<group>";
		};
		9BB145B42983EC2D00B0E3AA /* to-do-listTests */ = {
			isa = PBXGroup;
			children = (
				9BB145B52983EC2D00B0E3AA /* to_do_listTests.swift */,
			);
			path = "to-do-listTests";
			sourceTree = "<group>";
		};
		9BB145BE2983EC2D00B0E3AA /* to-do-listUITests */ = {
			isa = PBXGroup;
			children = (
				9BB145BF2983EC2D00B0E3AA /* to_do_listUITests.swift */,
				9BB145C12983EC2D00B0E3AA /* to_do_listUITestsLaunchTests.swift */,
			);
			path = "to-do-listUITests";
			sourceTree = "<group>";
		};
/* End PBXGroup section */

/* Begin PBXNativeTarget section */
		9BB1459F2983EC2900B0E3AA /* to-do-list */ = {
			isa = PBXNativeTarget;
			buildConfigurationList = 9BB145C52983EC2E00B0E3AA /* Build configuration list for PBXNativeTarget "to-do-list" */;
			buildPhases = (
				9BB1459C2983EC2900B0E3AA /* Sources */,
				9BB1459D2983EC2900B0E3AA /* Frameworks */,
				9BB1459E2983EC2900B0E3AA /* Resources */,
			);
			buildRules = (
			);
			dependencies = (
			);
			name = "to-do-list";
			productName = "to-do-list";
			productReference = 9BB145A02983EC2900B0E3AA /* to-do-list.app */;
			productType = "com.apple.product-type.application";
		};
		9BB145B02983EC2D00B0E3AA /* to-do-listTests */ = {
			isa = PBXNativeTarget;
			buildConfigurationList = 9BB145C82983EC2E00B0E3AA /* Build configuration list for PBXNativeTarget "to-do-listTests" */;
			buildPhases = (
				9BB145AD2983EC2D00B0E3AA /* Sources */,
				9BB145AE2983EC2D00B0E3AA /* Frameworks */,
				9BB145AF2983EC2D00B0E3AA /* Resources */,
			);
			buildRules = (
			);
			dependencies = (
				9BB145B32983EC2D00B0E3AA /* PBXTargetDependency */,
			);
			name = "to-do-listTests";
			productName = "to-do-listTests";
			productReference = 9BB145B12983EC2D00B0E3AA /* to-do-listTests.xctest */;
			productType = "com.apple.product-type.bundle.unit-test";
		};
		9BB145BA2983EC2D00B0E3AA /* to-do-listUITests */ = {
			isa = PBXNativeTarget;
			buildConfigurationList = 9BB145CB2983EC2E00B0E3AA /* Build configuration list for PBXNativeTarget "to-do-listUITests" */;
			buildPhases = (
				9BB145B72983EC2D00B0E3AA /* Sources */,
				9BB145B82983EC2D00B0E3AA /* Frameworks */,
				9BB145B92983EC2D00B0E3AA /* Resources */,
			);
			buildRules = (
			);
			dependencies = (
				9BB145BD2983EC2D00B0E3AA /* PBXTargetDependency */,
			);
			name = "to-do-listUITests";
			productName = "to-do-listUITests";
			productReference = 9BB145BB2983EC2D00B0E3AA /* to-do-listUITests.xctest */;
			productType = "com.apple.product-type.bundle.ui-testing";
		};
/* End PBXNativeTarget section */

/* Begin PBXProject section */
		9BB145982983EC2900B0E3AA /* Project object */ = {
			isa = PBXProject;
			attributes = {
				BuildIndependentTargetsInParallel = 1;
				LastSwiftUpdateCheck = 1420;
				LastUpgradeCheck = 1420;
				TargetAttributes = {
					9BB1459F2983EC2900B0E3AA = {
						CreatedOnToolsVersion = 14.2;
					};
					9BB145B02983EC2D00B0E3AA = {
						CreatedOnToolsVersion = 14.2;
						TestTargetID = 9BB1459F2983EC2900B0E3AA;
					};
					9BB145BA2983EC2D00B0E3AA = {
						CreatedOnToolsVersion = 14.2;
						TestTargetID = 9BB1459F2983EC2900B0E3AA;
					};
				};
			};
			buildConfigurationList = 9BB1459B2983EC2900B0E3AA /* Build configuration list for PBXProject "to-do-list" */;
			compatibilityVersion = "Xcode 14.0";
			developmentRegion = en;
			hasScannedForEncodings = 0;
			knownRegions = (
				en,
				Base,
			);
			mainGroup = 9BB145972983EC2900B0E3AA;
			productRefGroup = 9BB145A12983EC2900B0E3AA /* Products */;
			projectDirPath = "";
			projectRoot = "";
			targets = (
				9BB1459F2983EC2900B0E3AA /* to-do-list */,
				9BB145B02983EC2D00B0E3AA /* to-do-listTests */,
				9BB145BA2983EC2D00B0E3AA /* to-do-listUITests */,
			);
		};
/* End PBXProject section */

/* Begin PBXResourcesBuildPhase section */
		9BB1459E2983EC2900B0E3AA /* Resources */ = {
			isa = PBXResourcesBuildPhase;
			buildActionMask = 2147483647;
			files = (
				9BB145AC2983EC2D00B0E3AA /* Preview Assets.xcassets in Resources */,
				9BB145A82983EC2D00B0E3AA /* Assets.xcassets in Resources */,
			);
			runOnlyForDeploymentPostprocessing = 0;
		};
		9BB145AF2983EC2D00B0E3AA /* Resources */ = {
			isa = PBXResourcesBuildPhase;
			buildActionMask = 2147483647;
			files = (
			);
			runOnlyForDeploymentPostprocessing = 0;
		};
		9BB145B92983EC2D00B0E3AA /* Resources */ = {
			isa = PBXResourcesBuildPhase;
			buildActionMask = 2147483647;
			files = (
			);
			runOnlyForDeploymentPostprocessing = 0;
		};
/* End PBXResourcesBuildPhase section */

/* Begin PBXSourcesBuildPhase section */
		9BB1459C2983EC2900B0E3AA /* Sources */ = {
			isa = PBXSourcesBuildPhase;
			buildActionMask = 2147483647;
			files = (
				9BB145A62983EC2900B0E3AA /* ContentView.swift in Sources */,
				9BB145A42983EC2900B0E3AA /* to_do_listApp.swift in Sources */,
			);
			runOnlyForDeploymentPostprocessing = 0;
		};
		9BB145AD2983EC2D00B0E3AA /* Sources */ = {
			isa = PBXSourcesBuildPhase;
			buildActionMask = 2147483647;
			files = (
				9BB145B62983EC2D00B0E3AA /* to_do_listTests.swift in Sources */,
			);
			runOnlyForDeploymentPostprocessing = 0;
		};
		9BB145B72983EC2D00B0E3AA /* Sources */ = {
			isa = PBXSourcesBuildPhase;
			buildActionMask = 2147483647;
			files = (
				9BB145C22983EC2D00B0E3AA /* to_do_listUITestsLaunchTests.swift in Sources */,
				9BB145C02983EC2D00B0E3AA /* to_do_listUITests.swift in Sources */,
			);
			runOnlyForDeploymentPostprocessing = 0;
		};
/* End PBXSourcesBuildPhase section */

/* Begin PBXTargetDependency section */
		9BB145B32983EC2D00B0E3AA /* PBXTargetDependency */ = {
			isa = PBXTargetDependency;
			target = 9BB1459F2983EC2900B0E3AA /* to-do-list */;
			targetProxy = 9BB145B22983EC2D00B0E3AA /* PBXContainerItemProxy */;
		};
		9BB145BD2983EC2D00B0E3AA /* PBXTargetDependency */ = {
			isa = PBXTargetDependency;
			target = 9BB1459F2983EC2900B0E3AA /* to-do-list */;
			targetProxy = 9BB145BC2983EC2D00B0E3AA /* PBXContainerItemProxy */;
		};
/* End PBXTargetDependency section */

/* Begin XCBuildConfiguration section */
		9BB145C32983EC2D00B0E3AA /* Debug */ = {
			isa = XCBuildConfiguration;
			buildSettings = {
				ALWAYS_SEARCH_USER_PATHS = NO;
				CLANG_ANALYZER_NONNULL = YES;
				CLANG_ANALYZER_NUMBER_OBJECT_CONVERSION = YES_AGGRESSIVE;
				CLANG_CXX_LANGUAGE_STANDARD = "gnu++20";
				CLANG_ENABLE_MODULES = YES;
				CLANG_ENABLE_OBJC_ARC = YES;
				CLANG_ENABLE_OBJC_WEAK = YES;
				CLANG_WARN_BLOCK_CAPTURE_AUTORELEASING = YES;
				CLANG_WARN_BOOL_CONVERSION = YES;
				CLANG_WARN_COMMA = YES;
				CLANG_WARN_CONSTANT_CONVERSION = YES;
				CLANG_WARN_DEPRECATED_OBJC_IMPLEMENTATIONS = YES;
				CLANG_WARN_DIRECT_OBJC_ISA_USAGE = YES_ERROR;
				CLANG_WARN_DOCUMENTATION_COMMENTS = YES;
				CLANG_WARN_EMPTY_BODY = YES;
				CLANG_WARN_ENUM_CONVERSION = YES;
				CLANG_WARN_INFINITE_RECURSION = YES;
				CLANG_WARN_INT_CONVERSION = YES;
				CLANG_WARN_NON_LITERAL_NULL_CONVERSION = YES;
				CLANG_WARN_OBJC_IMPLICIT_RETAIN_SELF = YES;
				CLANG_WARN_OBJC_LITERAL_CONVERSION = YES;
				CLANG_WARN_OBJC_ROOT_CLASS = YES_ERROR;
				CLANG_WARN_QUOTED_INCLUDE_IN_FRAMEWORK_HEADER = YES;
				CLANG_WARN_RANGE_LOOP_ANALYSIS = YES;
				CLANG_WARN_STRICT_PROTOTYPES = YES;
				CLANG_WARN_SUSPICIOUS_MOVE = YES;
				CLANG_WARN_UNGUARDED_AVAILABILITY = YES_AGGRESSIVE;
				CLANG_WARN_UNREACHABLE_CODE = YES;
				CLANG_WARN__DUPLICATE_METHOD_MATCH = YES;
				COPY_PHASE_STRIP = NO;
				DEBUG_INFORMATION_FORMAT = dwarf;
				ENABLE_STRICT_OBJC_MSGSEND = YES;
				ENABLE_TESTABILITY = YES;
				GCC_C_LANGUAGE_STANDARD = gnu11;
				GCC_DYNAMIC_NO_PIC = NO;
				GCC_NO_COMMON_BLOCKS = YES;
				GCC_OPTIMIZATION_LEVEL = 0;
				GCC_PREPROCESSOR_DEFINITIONS = (
					"DEBUG=1",
					"$(inherited)",
				);
				GCC_WARN_64_TO_32_BIT_CONVERSION = YES;
				GCC_WARN_ABOUT_RETURN_TYPE = YES_ERROR;
				GCC_WARN_UNDECLARED_SELECTOR = YES;
				GCC_WARN_UNINITIALIZED_AUTOS = YES_AGGRESSIVE;
				GCC_WARN_UNUSED_FUNCTION = YES;
				GCC_WARN_UNUSED_VARIABLE = YES;
				MTL_ENABLE_DEBUG_INFO = INCLUDE_SOURCE;
				MTL_FAST_MATH = YES;
				ONLY_ACTIVE_ARCH = YES;
				SWIFT_ACTIVE_COMPILATION_CONDITIONS = DEBUG;
				SWIFT_OPTIMIZATION_LEVEL = "-Onone";
			};
			name = Debug;
		};
		9BB145C42983EC2E00B0E3AA /* Release */ = {
			isa = XCBuildConfiguration;
			buildSettings = {
				ALWAYS_SEARCH_USER_PATHS = NO;
				CLANG_ANALYZER_NONNULL = YES;
				CLANG_ANALYZER_NUMBER_OBJECT_CONVERSION = YES_AGGRESSIVE;
				CLANG_CXX_LANGUAGE_STANDARD = "gnu++20";
				CLANG_ENABLE_MODULES = YES;
				CLANG_ENABLE_OBJC_ARC = YES;
				CLANG_ENABLE_OBJC_WEAK = YES;
				CLANG_WARN_BLOCK_CAPTURE_AUTORELEASING = YES;
				CLANG_WARN_BOOL_CONVERSION = YES;
				CLANG_WARN_COMMA = YES;
				CLANG_WARN_CONSTANT_CONVERSION = YES;
				CLANG_WARN_DEPRECATED_OBJC_IMPLEMENTATIONS = YES;
				CLANG_WARN_DIRECT_OBJC_ISA_USAGE = YES_ERROR;
				CLANG_WARN_DOCUMENTATION_COMMENTS = YES;
				CLANG_WARN_EMPTY_BODY = YES;
				CLANG_WARN_ENUM_CONVERSION = YES;
				CLANG_WARN_INFINITE_RECURSION = YES;
				CLANG_WARN_INT_CONVERSION = YES;
				CLANG_WARN_NON_LITERAL_NULL_CONVERSION = YES;
				CLANG_WARN_OBJC_IMPLICIT_RETAIN_SELF = YES;
				CLANG_WARN_OBJC_LITERAL_CONVERSION = YES;
				CLANG_WARN_OBJC_ROOT_CLASS = YES_ERROR;
				CLANG_WARN_QUOTED_INCLUDE_IN_FRAMEWORK_HEADER = YES;
				CLANG_WARN_RANGE_LOOP_ANALYSIS = YES;
				CLANG_WARN_STRICT_PROTOTYPES = YES;
				CLANG_WARN_SUSPICIOUS_MOVE = YES;
				CLANG_WARN_UNGUARDED_AVAILABILITY = YES_AGGRESSIVE;
				CLANG_WARN_UNREACHABLE_CODE = YES;
				CLANG_WARN__DUPLICATE_METHOD_MATCH = YES;
				COPY_PHASE_STRIP = NO;
				DEBUG_INFORMATION_FORMAT = "dwarf-with-dsym";
				ENABLE_NS_ASSERTIONS = NO;
				ENABLE_STRICT_OBJC_MSGSEND = YES;
				GCC_C_LANGUAGE_STANDARD = gnu11;
				GCC_NO_COMMON_BLOCKS = YES;
				GCC_WARN_64_TO_32_BIT_CONVERSION = YES;
				GCC_WARN_ABOUT_RETURN_TYPE = YES_ERROR;
				GCC_WARN_UNDECLARED_SELECTOR = YES;
				GCC_WARN_UNINITIALIZED_AUTOS = YES_AGGRESSIVE;
				GCC_WARN_UNUSED_FUNCTION = YES;
				GCC_WARN_UNUSED_VARIABLE = YES;
				MTL_ENABLE_DEBUG_INFO = NO;
				MTL_FAST_MATH = YES;
				SWIFT_COMPILATION_MODE = wholemodule;
				SWIFT_OPTIMIZATION_LEVEL = "-O";
			};
			name = Release;
		};
		9BB145C62983EC2E00B0E3AA /* Debug */ = {
			isa = XCBuildConfiguration;
			buildSettings = {
				ASSETCATALOG_COMPILER_APPICON_NAME = AppIcon;
				ASSETCATALOG_COMPILER_GLOBAL_ACCENT_COLOR_NAME = AccentColor;
				CODE_SIGN_ENTITLEMENTS = "to-do-list/to_do_list.entitlements";
				CODE_SIGN_STYLE = Automatic;
				CURRENT_PROJECT_VERSION = 1;
				DEVELOPMENT_ASSET_PATHS = "\"to-do-list/Preview Content\"";
				ENABLE_PREVIEWS = YES;
				GENERATE_INFOPLIST_FILE = YES;
				"INFOPLIST_KEY_UIApplicationSceneManifest_Generation[sdk=iphoneos*]" = YES;
				"INFOPLIST_KEY_UIApplicationSceneManifest_Generation[sdk=iphonesimulator*]" = YES;
				"INFOPLIST_KEY_UIApplicationSupportsIndirectInputEvents[sdk=iphoneos*]" = YES;
				"INFOPLIST_KEY_UIApplicationSupportsIndirectInputEvents[sdk=iphonesimulator*]" = YES;
				"INFOPLIST_KEY_UILaunchScreen_Generation[sdk=iphoneos*]" = YES;
				"INFOPLIST_KEY_UILaunchScreen_Generation[sdk=iphonesimulator*]" = YES;
				"INFOPLIST_KEY_UIStatusBarStyle[sdk=iphoneos*]" = UIStatusBarStyleDefault;
				"INFOPLIST_KEY_UIStatusBarStyle[sdk=iphonesimulator*]" = UIStatusBarStyleDefault;
				INFOPLIST_KEY_UISupportedInterfaceOrientations_iPad = "UIInterfaceOrientationPortrait UIInterfaceOrientationPortraitUpsideDown UIInterfaceOrientationLandscapeLeft UIInterfaceOrientationLandscapeRight";
				INFOPLIST_KEY_UISupportedInterfaceOrientations_iPhone = "UIInterfaceOrientationPortrait UIInterfaceOrientationLandscapeLeft UIInterfaceOrientationLandscapeRight";
				IPHONEOS_DEPLOYMENT_TARGET = 16.2;
				LD_RUNPATH_SEARCH_PATHS = "@executable_path/Frameworks";
				"LD_RUNPATH_SEARCH_PATHS[sdk=macosx*]" = "@executable_path/../Frameworks";
				MACOSX_DEPLOYMENT_TARGET = 13.1;
				MARKETING_VERSION = 1.0;
				PRODUCT_BUNDLE_IDENTIFIER = "minju25kim.to-do-list";
				PRODUCT_NAME = "$(TARGET_NAME)";
				SDKROOT = auto;
				SUPPORTED_PLATFORMS = "iphoneos iphonesimulator macosx";
				SWIFT_EMIT_LOC_STRINGS = YES;
				SWIFT_VERSION = 5.0;
				TARGETED_DEVICE_FAMILY = "1,2";
			};
			name = Debug;
		};
		9BB145C72983EC2E00B0E3AA /* Release */ = {
			isa = XCBuildConfiguration;
			buildSettings = {
				ASSETCATALOG_COMPILER_APPICON_NAME = AppIcon;
				ASSETCATALOG_COMPILER_GLOBAL_ACCENT_COLOR_NAME = AccentColor;
				CODE_SIGN_ENTITLEMENTS = "to-do-list/to_do_list.entitlements";
				CODE_SIGN_STYLE = Automatic;
				CURRENT_PROJECT_VERSION = 1;
				DEVELOPMENT_ASSET_PATHS = "\"to-do-list/Preview Content\"";
				ENABLE_PREVIEWS = YES;
				GENERATE_INFOPLIST_FILE = YES;
				"INFOPLIST_KEY_UIApplicationSceneManifest_Generation[sdk=iphoneos*]" = YES;
				"INFOPLIST_KEY_UIApplicationSceneManifest_Generation[sdk=iphonesimulator*]" = YES;
				"INFOPLIST_KEY_UIApplicationSupportsIndirectInputEvents[sdk=iphoneos*]" = YES;
				"INFOPLIST_KEY_UIApplicationSupportsIndirectInputEvents[sdk=iphonesimulator*]" = YES;
				"INFOPLIST_KEY_UILaunchScreen_Generation[sdk=iphoneos*]" = YES;
				"INFOPLIST_KEY_UILaunchScreen_Generation[sdk=iphonesimulator*]" = YES;
				"INFOPLIST_KEY_UIStatusBarStyle[sdk=iphoneos*]" = UIStatusBarStyleDefault;
				"INFOPLIST_KEY_UIStatusBarStyle[sdk=iphonesimulator*]" = UIStatusBarStyleDefault;
				INFOPLIST_KEY_UISupportedInterfaceOrientations_iPad = "UIInterfaceOrientationPortrait UIInterfaceOrientationPortraitUpsideDown UIInterfaceOrientationLandscapeLeft UIInterfaceOrientationLandscapeRight";
				INFOPLIST_KEY_UISupportedInterfaceOrientations_iPhone = "UIInterfaceOrientationPortrait UIInterfaceOrientationLandscapeLeft UIInterfaceOrientationLandscapeRight";
				IPHONEOS_DEPLOYMENT_TARGET = 16.2;
				LD_RUNPATH_SEARCH_PATHS = "@executable_path/Frameworks";
				"LD_RUNPATH_SEARCH_PATHS[sdk=macosx*]" = "@executable_path/../Frameworks";
				MACOSX_DEPLOYMENT_TARGET = 13.1;
				MARKETING_VERSION = 1.0;
				PRODUCT_BUNDLE_IDENTIFIER = "minju25kim.to-do-list";
				PRODUCT_NAME = "$(TARGET_NAME)";
				SDKROOT = auto;
				SUPPORTED_PLATFORMS = "iphoneos iphonesimulator macosx";
				SWIFT_EMIT_LOC_STRINGS = YES;
				SWIFT_VERSION = 5.0;
				TARGETED_DEVICE_FAMILY = "1,2";
			};
			name = Release;
		};
		9BB145C92983EC2E00B0E3AA /* Debug */ = {
			isa = XCBuildConfiguration;
			buildSettings = {
				ALWAYS_EMBED_SWIFT_STANDARD_LIBRARIES = YES;
				BUNDLE_LOADER = "$(TEST_HOST)";
				CODE_SIGN_STYLE = Automatic;
				CURRENT_PROJECT_VERSION = 1;
				GENERATE_INFOPLIST_FILE = YES;
				IPHONEOS_DEPLOYMENT_TARGET = 16.2;
				MACOSX_DEPLOYMENT_TARGET = 13.1;
				MARKETING_VERSION = 1.0;
				PRODUCT_BUNDLE_IDENTIFIER = "minju25kim.to-do-listTests";
				PRODUCT_NAME = "$(TARGET_NAME)";
				SDKROOT = auto;
				SUPPORTED_PLATFORMS = "iphoneos iphonesimulator macosx";
				SWIFT_EMIT_LOC_STRINGS = NO;
				SWIFT_VERSION = 5.0;
				TARGETED_DEVICE_FAMILY = "1,2";
				TEST_HOST = "$(BUILT_PRODUCTS_DIR)/to-do-list.app/$(BUNDLE_EXECUTABLE_FOLDER_PATH)/to-do-list";
			};
			name = Debug;
		};
		9BB145CA2983EC2E00B0E3AA /* Release */ = {
			isa = XCBuildConfiguration;
			buildSettings = {
				ALWAYS_EMBED_SWIFT_STANDARD_LIBRARIES = YES;
				BUNDLE_LOADER = "$(TEST_HOST)";
				CODE_SIGN_STYLE = Automatic;
				CURRENT_PROJECT_VERSION = 1;
				GENERATE_INFOPLIST_FILE = YES;
				IPHONEOS_DEPLOYMENT_TARGET = 16.2;
				MACOSX_DEPLOYMENT_TARGET = 13.1;
				MARKETING_VERSION = 1.0;
				PRODUCT_BUNDLE_IDENTIFIER = "minju25kim.to-do-listTests";
				PRODUCT_NAME = "$(TARGET_NAME)";
				SDKROOT = auto;
				SUPPORTED_PLATFORMS = "iphoneos iphonesimulator macosx";
				SWIFT_EMIT_LOC_STRINGS = NO;
				SWIFT_VERSION = 5.0;
				TARGETED_DEVICE_FAMILY = "1,2";
				TEST_HOST = "$(BUILT_PRODUCTS_DIR)/to-do-list.app/$(BUNDLE_EXECUTABLE_FOLDER_PATH)/to-do-list";
			};
			name = Release;
		};
		9BB145CC2983EC2E00B0E3AA /* Debug */ = {
			isa = XCBuildConfiguration;
			buildSettings = {
				ALWAYS_EMBED_SWIFT_STANDARD_LIBRARIES = YES;
				CODE_SIGN_STYLE = Automatic;
				CURRENT_PROJECT_VERSION = 1;
				GENERATE_INFOPLIST_FILE = YES;
				IPHONEOS_DEPLOYMENT_TARGET = 16.2;
				MACOSX_DEPLOYMENT_TARGET = 13.1;
				MARKETING_VERSION = 1.0;
				PRODUCT_BUNDLE_IDENTIFIER = "minju25kim.to-do-listUITests";
				PRODUCT_NAME = "$(TARGET_NAME)";
				SDKROOT = auto;
				SUPPORTED_PLATFORMS = "iphoneos iphonesimulator macosx";
				SWIFT_EMIT_LOC_STRINGS = NO;
				SWIFT_VERSION = 5.0;
				TARGETED_DEVICE_FAMILY = "1,2";
				TEST_TARGET_NAME = "to-do-list";
			};
			name = Debug;
		};
		9BB145CD2983EC2E00B0E3AA /* Release */ = {
			isa = XCBuildConfiguration;
			buildSettings = {
				ALWAYS_EMBED_SWIFT_STANDARD_LIBRARIES = YES;
				CODE_SIGN_STYLE = Automatic;
				CURRENT_PROJECT_VERSION = 1;
				GENERATE_INFOPLIST_FILE = YES;
				IPHONEOS_DEPLOYMENT_TARGET = 16.2;
				MACOSX_DEPLOYMENT_TARGET = 13.1;
				MARKETING_VERSION = 1.0;
				PRODUCT_BUNDLE_IDENTIFIER = "minju25kim.to-do-listUITests";
				PRODUCT_NAME = "$(TARGET_NAME)";
				SDKROOT = auto;
				SUPPORTED_PLATFORMS = "iphoneos iphonesimulator macosx";
				SWIFT_EMIT_LOC_STRINGS = NO;
				SWIFT_VERSION = 5.0;
				TARGETED_DEVICE_FAMILY = "1,2";
				TEST_TARGET_NAME = "to-do-list";
			};
			name = Release;
		};
/* End XCBuildConfiguration section */

/* Begin XCConfigurationList section */
		9BB1459B2983EC2900B0E3AA /* Build configuration list for PBXProject "to-do-list" */ = {
			isa = XCConfigurationList;
			buildConfigurations = (
				9BB145C32983EC2D00B0E3AA /* Debug */,
				9BB145C42983EC2E00B0E3AA /* Release */,
			);
			defaultConfigurationIsVisible = 0;
			defaultConfigurationName = Release;
		};
		9BB145C52983EC2E00B0E3AA /* Build configuration list for PBXNativeTarget "to-do-list" */ = {
			isa = XCConfigurationList;
			buildConfigurations = (
				9BB145C62983EC2E00B0E3AA /* Debug */,
				9BB145C72983EC2E00B0E3AA /* Release */,
			);
			defaultConfigurationIsVisible = 0;
			defaultConfigurationName = Release;
		};
		9BB145C82983EC2E00B0E3AA /* Build configuration list for PBXNativeTarget "to-do-listTests" */ = {
			isa = XCConfigurationList;
			buildConfigurations = (
				9BB145C92983EC2E00B0E3AA /* Debug */,
				9BB145CA2983EC2E00B0E3AA /* Release */,
			);
			defaultConfigurationIsVisible = 0;
			defaultConfigurationName = Release;
		};
		9BB145CB2983EC2E00B0E3AA /* Build configuration list for PBXNativeTarget "to-do-listUITests" */ = {
			isa = XCConfigurationList;
			buildConfigurations = (
				9BB145CC2983EC2E00B0E3AA /* Debug */,
				9BB145CD2983EC2E00B0E3AA /* Release */,
			);
			defaultConfigurationIsVisible = 0;
			defaultConfigurationName = Release;
		};
/* End XCConfigurationList section */
	};
	rootObject = 9BB145982983EC2900B0E3AA /* Project object */;
}
